
Microsoft Visual Studio Solution File, Format Version 12.00
# Visual Studio Version 17
VisualStudioVersion = 17.8.34511.84
MinimumVisualStudioVersion = 10.0.40219.1
Project("{FAE04EC0-301F-11D3-BF4B-00C04F79EFBC}") = "CourseProjectASPnetMVC", "CourseProjectASPnetMVC.csproj", "{4890A45A-D5D8-4847-B2B6-0F80E428E464}"
EndProject
Global
	GlobalSection(SolutionConfigurationPlatforms) = preSolution
		Debug|Any CPU = Debug|Any CPU
		Release|Any CPU = Release|Any CPU
	EndGlobalSection
	GlobalSection(ProjectConfigurationPlatforms) = postSolution
		{4890A45A-D5D8-4847-B2B6-0F80E428E464}.Debug|Any CPU.ActiveCfg = Debug|Any CPU
		{4890A45A-D5D8-4847-B2B6-0F80E428E464}.Debug|Any CPU.Build.0 = Debug|Any CPU
		{4890A45A-D5D8-4847-B2B6-0F80E428E464}.Release|Any CPU.ActiveCfg = Release|Any CPU
		{4890A45A-D5D8-4847-B2B6-0F80E428E464}.Release|Any CPU.Build.0 = Release|Any CPU
	EndGlobalSection
	GlobalSection(SolutionProperties) = preSolution
		HideSolutionNode = FALSE
	EndGlobalSection
	GlobalSection(ExtensibilityGlobals) = postSolution
		SolutionGuid = {B094ABF2-47B3-45B8-8529-D97751CEEFF2}
	EndGlobalSection
EndGlobal
